{
  "name": "map-ext",
  "version": "1.2.0",
  "lockfileVersion": 3,
  "requires": true,
  "packages": {
    "": {
      "name": "map-ext",
      "version": "1.0.0",
      "license": "ISC",
      "dependencies": {
        "chrome-types": "^0.1.294"
      }
    },
    "node_modules/chrome-types": {
      "version": "0.1.294",
      "resolved": "https://registry.npmjs.org/chrome-types/-/chrome-types-0.1.294.tgz",
      "integrity": "sha512-oug/cAk1XJnDzVI9h72ffbmrDdk+847wju3rbZzIm0DA11p62tz5VIsCwmPzyDv9zNNk5vl/jQF4g0mLcgrL1Q=="
    }
  }
}
